
Microsoft Visual Studio Solution File, Format Version 12.00
# Visual Studio Version 16
VisualStudioVersion = 16.0.30804.86
MinimumVisualStudioVersion = 10.0.40219.1
Project("{888888A0-9F3D-457C-B088-3A5042F75D52}") = "InvasiveId", "InvasiveId.pyproj", "{EF0CF8A0-52F1-4F77-93F5-3DE494252D6F}"
EndProject
Global
	GlobalSection(SolutionConfigurationPlatforms) = preSolution
		Debug|Any CPU = Debug|Any CPU
		Release|Any CPU = Release|Any CPU
	EndGlobalSection
	GlobalSection(ProjectConfigurationPlatforms) = postSolution
		{EF0CF8A0-52F1-4F77-93F5-3DE494252D6F}.Debug|Any CPU.ActiveCfg = Debug|Any CPU
		{EF0CF8A0-52F1-4F77-93F5-3DE494252D6F}.Release|Any CPU.ActiveCfg = Release|Any CPU
	EndGlobalSection
	GlobalSection(SolutionProperties) = preSolution
		HideSolutionNode = FALSE
	EndGlobalSection
	GlobalSection(ExtensibilityGlobals) = postSolution
		SolutionGuid = {9E343177-2FDE-45A3-9B20-25F866BD4579}
	EndGlobalSection
EndGlobal
